// !$*UTF8*$!
{
	archiveVersion = 1;
	classes = {
	};
	objectVersion = 56;
	objects = {

/* Begin PBXBuildFile section */
		C4C24BB92A52C04100222F9C /* AppDelegate.swift in Sources */ = {isa = PBXBuildFile; fileRef = C4C24BB82A52C04100222F9C /* AppDelegate.swift */; };
		C4C24BBB2A52C04100222F9C /* SceneDelegate.swift in Sources */ = {isa = PBXBuildFile; fileRef = C4C24BBA2A52C04100222F9C /* SceneDelegate.swift */; };
		C4C24BBD2A52C04100222F9C /* RMTabBarViewController.swift in Sources */ = {isa = PBXBuildFile; fileRef = C4C24BBC2A52C04100222F9C /* RMTabBarViewController.swift */; };
		C4C24BC22A52C04100222F9C /* Assets.xcassets in Resources */ = {isa = PBXBuildFile; fileRef = C4C24BC12A52C04100222F9C /* Assets.xcassets */; };
		C4C24BC52A52C04100222F9C /* LaunchScreen.storyboard in Resources */ = {isa = PBXBuildFile; fileRef = C4C24BC32A52C04100222F9C /* LaunchScreen.storyboard */; };
		C4C24BD42A52CEAD00222F9C /* RMLocation.swift in Sources */ = {isa = PBXBuildFile; fileRef = C4C24BD32A52CEAD00222F9C /* RMLocation.swift */; };
		C4C24BD62A52CEC300222F9C /* RMCharacter.swift in Sources */ = {isa = PBXBuildFile; fileRef = C4C24BD52A52CEC300222F9C /* RMCharacter.swift */; };
		C4C24BD82A52CEDD00222F9C /* RMEpisode.swift in Sources */ = {isa = PBXBuildFile; fileRef = C4C24BD72A52CEDD00222F9C /* RMEpisode.swift */; };
		C4C24BDC2A52D0E200222F9C /* RMCharacterViewController.swift in Sources */ = {isa = PBXBuildFile; fileRef = C4C24BDA2A52D0E200222F9C /* RMCharacterViewController.swift */; };
		C4C24BDD2A52D0E200222F9C /* RMCharacterViewController.xib in Resources */ = {isa = PBXBuildFile; fileRef = C4C24BDB2A52D0E200222F9C /* RMCharacterViewController.xib */; };
		C4C24BE02A52D10900222F9C /* RMLocationViewController.swift in Sources */ = {isa = PBXBuildFile; fileRef = C4C24BDE2A52D10900222F9C /* RMLocationViewController.swift */; };
		C4C24BE12A52D10900222F9C /* RMLocationViewController.xib in Resources */ = {isa = PBXBuildFile; fileRef = C4C24BDF2A52D10900222F9C /* RMLocationViewController.xib */; };
		C4C24BE42A52D12300222F9C /* RMEpisodeViewController.swift in Sources */ = {isa = PBXBuildFile; fileRef = C4C24BE22A52D12300222F9C /* RMEpisodeViewController.swift */; };
		C4C24BE52A52D12300222F9C /* RMEpisodeViewController.xib in Resources */ = {isa = PBXBuildFile; fileRef = C4C24BE32A52D12300222F9C /* RMEpisodeViewController.xib */; };
		C4C24BE82A52D14F00222F9C /* RMSettingsViewController.swift in Sources */ = {isa = PBXBuildFile; fileRef = C4C24BE62A52D14F00222F9C /* RMSettingsViewController.swift */; };
		C4C24BE92A52D14F00222F9C /* RMSettingsViewController.xib in Resources */ = {isa = PBXBuildFile; fileRef = C4C24BE72A52D14F00222F9C /* RMSettingsViewController.xib */; };
		C4C3A99B2A54049900F2EAE3 /* RMService.swift in Sources */ = {isa = PBXBuildFile; fileRef = C4C3A99A2A54049900F2EAE3 /* RMService.swift */; };
		C4C3A99D2A54051B00F2EAE3 /* RMRequest.swift in Sources */ = {isa = PBXBuildFile; fileRef = C4C3A99C2A54051B00F2EAE3 /* RMRequest.swift */; };
		C4C3A99F2A540CC900F2EAE3 /* RMEndpoint.swift in Sources */ = {isa = PBXBuildFile; fileRef = C4C3A99E2A540CC900F2EAE3 /* RMEndpoint.swift */; };
		C4C3A9A12A545C9800F2EAE3 /* RMOrigin.swift in Sources */ = {isa = PBXBuildFile; fileRef = C4C3A9A02A545C9800F2EAE3 /* RMOrigin.swift */; };
		C4C3A9A32A545EDA00F2EAE3 /* RMSingleLocation.swift in Sources */ = {isa = PBXBuildFile; fileRef = C4C3A9A22A545EDA00F2EAE3 /* RMSingleLocation.swift */; };
		C4C3A9A52A54605000F2EAE3 /* RMCharacterStatus.swift in Sources */ = {isa = PBXBuildFile; fileRef = C4C3A9A42A54605000F2EAE3 /* RMCharacterStatus.swift */; };
		C4C3A9A72A5461E400F2EAE3 /* RMCharacterGender.swift in Sources */ = {isa = PBXBuildFile; fileRef = C4C3A9A62A5461E400F2EAE3 /* RMCharacterGender.swift */; };
/* End PBXBuildFile section */

/* Begin PBXFileReference section */
		C4C24BB52A52C04100222F9C /* Rick-And-Morty-App.app */ = {isa = PBXFileReference; explicitFileType = wrapper.application; includeInIndex = 0; path = "Rick-And-Morty-App.app"; sourceTree = BUILT_PRODUCTS_DIR; };
		C4C24BB82A52C04100222F9C /* AppDelegate.swift */ = {isa = PBXFileReference; lastKnownFileType = sourcecode.swift; path = AppDelegate.swift; sourceTree = "<group>"; };
		C4C24BBA2A52C04100222F9C /* SceneDelegate.swift */ = {isa = PBXFileReference; lastKnownFileType = sourcecode.swift; path = SceneDelegate.swift; sourceTree = "<group>"; };
		C4C24BBC2A52C04100222F9C /* RMTabBarViewController.swift */ = {isa = PBXFileReference; lastKnownFileType = sourcecode.swift; path = RMTabBarViewController.swift; sourceTree = "<group>"; };
		C4C24BC12A52C04100222F9C /* Assets.xcassets */ = {isa = PBXFileReference; lastKnownFileType = folder.assetcatalog; path = Assets.xcassets; sourceTree = "<group>"; };
		C4C24BC42A52C04100222F9C /* Base */ = {isa = PBXFileReference; lastKnownFileType = file.storyboard; name = Base; path = Base.lproj/LaunchScreen.storyboard; sourceTree = "<group>"; };
		C4C24BC62A52C04100222F9C /* Info.plist */ = {isa = PBXFileReference; lastKnownFileType = text.plist.xml; path = Info.plist; sourceTree = "<group>"; };
		C4C24BD32A52CEAD00222F9C /* RMLocation.swift */ = {isa = PBXFileReference; lastKnownFileType = sourcecode.swift; path = RMLocation.swift; sourceTree = "<group>"; };
		C4C24BD52A52CEC300222F9C /* RMCharacter.swift */ = {isa = PBXFileReference; lastKnownFileType = sourcecode.swift; path = RMCharacter.swift; sourceTree = "<group>"; };
		C4C24BD72A52CEDD00222F9C /* RMEpisode.swift */ = {isa = PBXFileReference; lastKnownFileType = sourcecode.swift; path = RMEpisode.swift; sourceTree = "<group>"; };
		C4C24BDA2A52D0E200222F9C /* RMCharacterViewController.swift */ = {isa = PBXFileReference; lastKnownFileType = sourcecode.swift; path = RMCharacterViewController.swift; sourceTree = "<group>"; };
		C4C24BDB2A52D0E200222F9C /* RMCharacterViewController.xib */ = {isa = PBXFileReference; lastKnownFileType = file.xib; path = RMCharacterViewController.xib; sourceTree = "<group>"; };
		C4C24BDE2A52D10900222F9C /* RMLocationViewController.swift */ = {isa = PBXFileReference; lastKnownFileType = sourcecode.swift; path = RMLocationViewController.swift; sourceTree = "<group>"; };
		C4C24BDF2A52D10900222F9C /* RMLocationViewController.xib */ = {isa = PBXFileReference; lastKnownFileType = file.xib; path = RMLocationViewController.xib; sourceTree = "<group>"; };
		C4C24BE22A52D12300222F9C /* RMEpisodeViewController.swift */ = {isa = PBXFileReference; lastKnownFileType = sourcecode.swift; path = RMEpisodeViewController.swift; sourceTree = "<group>"; };
		C4C24BE32A52D12300222F9C /* RMEpisodeViewController.xib */ = {isa = PBXFileReference; lastKnownFileType = file.xib; path = RMEpisodeViewController.xib; sourceTree = "<group>"; };
		C4C24BE62A52D14F00222F9C /* RMSettingsViewController.swift */ = {isa = PBXFileReference; lastKnownFileType = sourcecode.swift; path = RMSettingsViewController.swift; sourceTree = "<group>"; };
		C4C24BE72A52D14F00222F9C /* RMSettingsViewController.xib */ = {isa = PBXFileReference; lastKnownFileType = file.xib; path = RMSettingsViewController.xib; sourceTree = "<group>"; };
		C4C3A99A2A54049900F2EAE3 /* RMService.swift */ = {isa = PBXFileReference; lastKnownFileType = sourcecode.swift; path = RMService.swift; sourceTree = "<group>"; };
		C4C3A99C2A54051B00F2EAE3 /* RMRequest.swift */ = {isa = PBXFileReference; lastKnownFileType = sourcecode.swift; path = RMRequest.swift; sourceTree = "<group>"; };
		C4C3A99E2A540CC900F2EAE3 /* RMEndpoint.swift */ = {isa = PBXFileReference; lastKnownFileType = sourcecode.swift; path = RMEndpoint.swift; sourceTree = "<group>"; };
		C4C3A9A02A545C9800F2EAE3 /* RMOrigin.swift */ = {isa = PBXFileReference; lastKnownFileType = sourcecode.swift; path = RMOrigin.swift; sourceTree = "<group>"; };
		C4C3A9A22A545EDA00F2EAE3 /* RMSingleLocation.swift */ = {isa = PBXFileReference; lastKnownFileType = sourcecode.swift; path = RMSingleLocation.swift; sourceTree = "<group>"; };
		C4C3A9A42A54605000F2EAE3 /* RMCharacterStatus.swift */ = {isa = PBXFileReference; lastKnownFileType = sourcecode.swift; path = RMCharacterStatus.swift; sourceTree = "<group>"; };
		C4C3A9A62A5461E400F2EAE3 /* RMCharacterGender.swift */ = {isa = PBXFileReference; lastKnownFileType = sourcecode.swift; path = RMCharacterGender.swift; sourceTree = "<group>"; };
/* End PBXFileReference section */

/* Begin PBXFrameworksBuildPhase section */
		C4C24BB22A52C04100222F9C /* Frameworks */ = {
			isa = PBXFrameworksBuildPhase;
			buildActionMask = 2147483647;
			files = (
			);
			runOnlyForDeploymentPostprocessing = 0;
		};
/* End PBXFrameworksBuildPhase section */

/* Begin PBXGroup section */
		C4C24BAC2A52C04000222F9C = {
			isa = PBXGroup;
			children = (
				C4C24BB72A52C04100222F9C /* Rick-And-Morty-App */,
				C4C24BB62A52C04100222F9C /* Products */,
			);
			sourceTree = "<group>";
		};
		C4C24BB62A52C04100222F9C /* Products */ = {
			isa = PBXGroup;
			children = (
				C4C24BB52A52C04100222F9C /* Rick-And-Morty-App.app */,
			);
			name = Products;
			sourceTree = "<group>";
		};
		C4C24BB72A52C04100222F9C /* Rick-And-Morty-App */ = {
			isa = PBXGroup;
			children = (
				C4C24BCC2A52CC1A00222F9C /* Resources */,
				C4C24BCD2A52CC5200222F9C /* Managers */,
				C4C24BCE2A52CC6700222F9C /* APIClient */,
				C4C24BCF2A52CC7900222F9C /* ViewModels */,
				C4C24BD02A52CC8100222F9C /* Views */,
				C4C24BD12A52CCA900222F9C /* Models */,
				C4C24BD22A52CCB400222F9C /* Controllers */,
				C4C24BC62A52C04100222F9C /* Info.plist */,
			);
			path = "Rick-And-Morty-App";
			sourceTree = "<group>";
		};
		C4C24BCC2A52CC1A00222F9C /* Resources */ = {
			isa = PBXGroup;
			children = (
				C4C24BC12A52C04100222F9C /* Assets.xcassets */,
				C4C24BB82A52C04100222F9C /* AppDelegate.swift */,
				C4C24BBA2A52C04100222F9C /* SceneDelegate.swift */,
				C4C24BC32A52C04100222F9C /* LaunchScreen.storyboard */,
			);
			path = Resources;
			sourceTree = "<group>";
		};
		C4C24BCD2A52CC5200222F9C /* Managers */ = {
			isa = PBXGroup;
			children = (
			);
			path = Managers;
			sourceTree = "<group>";
		};
		C4C24BCE2A52CC6700222F9C /* APIClient */ = {
			isa = PBXGroup;
			children = (
				C4C3A99A2A54049900F2EAE3 /* RMService.swift */,
				C4C3A99C2A54051B00F2EAE3 /* RMRequest.swift */,
				C4C3A99E2A540CC900F2EAE3 /* RMEndpoint.swift */,
			);
			path = APIClient;
			sourceTree = "<group>";
		};
		C4C24BCF2A52CC7900222F9C /* ViewModels */ = {
			isa = PBXGroup;
			children = (
			);
			path = ViewModels;
			sourceTree = "<group>";
		};
		C4C24BD02A52CC8100222F9C /* Views */ = {
			isa = PBXGroup;
			children = (
			);
			path = Views;
			sourceTree = "<group>";
		};
		C4C24BD12A52CCA900222F9C /* Models */ = {
			isa = PBXGroup;
			children = (
				C4C24BD32A52CEAD00222F9C /* RMLocation.swift */,
				C4C24BD52A52CEC300222F9C /* RMCharacter.swift */,
				C4C24BD72A52CEDD00222F9C /* RMEpisode.swift */,
				C4C3A9A02A545C9800F2EAE3 /* RMOrigin.swift */,
				C4C3A9A22A545EDA00F2EAE3 /* RMSingleLocation.swift */,
				C4C3A9A42A54605000F2EAE3 /* RMCharacterStatus.swift */,
				C4C3A9A62A5461E400F2EAE3 /* RMCharacterGender.swift */,
			);
			path = Models;
			sourceTree = "<group>";
		};
		C4C24BD22A52CCB400222F9C /* Controllers */ = {
			isa = PBXGroup;
			children = (
				C4C24BD92A52D07D00222F9C /* Core */,
			);
			path = Controllers;
			sourceTree = "<group>";
		};
		C4C24BD92A52D07D00222F9C /* Core */ = {
			isa = PBXGroup;
			children = (
				C4C24BBC2A52C04100222F9C /* RMTabBarViewController.swift */,
				C4C24BDA2A52D0E200222F9C /* RMCharacterViewController.swift */,
				C4C24BDB2A52D0E200222F9C /* RMCharacterViewController.xib */,
				C4C24BDE2A52D10900222F9C /* RMLocationViewController.swift */,
				C4C24BDF2A52D10900222F9C /* RMLocationViewController.xib */,
				C4C24BE22A52D12300222F9C /* RMEpisodeViewController.swift */,
				C4C24BE32A52D12300222F9C /* RMEpisodeViewController.xib */,
				C4C24BE62A52D14F00222F9C /* RMSettingsViewController.swift */,
				C4C24BE72A52D14F00222F9C /* RMSettingsViewController.xib */,
			);
			path = Core;
			sourceTree = "<group>";
		};
/* End PBXGroup section */

/* Begin PBXNativeTarget section */
		C4C24BB42A52C04100222F9C /* Rick-And-Morty-App */ = {
			isa = PBXNativeTarget;
			buildConfigurationList = C4C24BC92A52C04100222F9C /* Build configuration list for PBXNativeTarget "Rick-And-Morty-App" */;
			buildPhases = (
				C4C24BB12A52C04100222F9C /* Sources */,
				C4C24BB22A52C04100222F9C /* Frameworks */,
				C4C24BB32A52C04100222F9C /* Resources */,
			);
			buildRules = (
			);
			dependencies = (
			);
			name = "Rick-And-Morty-App";
			productName = "Rick-And-Morty-App";
			productReference = C4C24BB52A52C04100222F9C /* Rick-And-Morty-App.app */;
			productType = "com.apple.product-type.application";
		};
/* End PBXNativeTarget section */

/* Begin PBXProject section */
		C4C24BAD2A52C04000222F9C /* Project object */ = {
			isa = PBXProject;
			attributes = {
				BuildIndependentTargetsInParallel = 1;
				LastSwiftUpdateCheck = 1430;
				LastUpgradeCheck = 1430;
				TargetAttributes = {
					C4C24BB42A52C04100222F9C = {
						CreatedOnToolsVersion = 14.3;
					};
				};
			};
			buildConfigurationList = C4C24BB02A52C04000222F9C /* Build configuration list for PBXProject "Rick-And-Morty-App" */;
			compatibilityVersion = "Xcode 14.0";
			developmentRegion = en;
			hasScannedForEncodings = 0;
			knownRegions = (
				en,
				Base,
			);
			mainGroup = C4C24BAC2A52C04000222F9C;
			productRefGroup = C4C24BB62A52C04100222F9C /* Products */;
			projectDirPath = "";
			projectRoot = "";
			targets = (
				C4C24BB42A52C04100222F9C /* Rick-And-Morty-App */,
			);
		};
/* End PBXProject section */

/* Begin PBXResourcesBuildPhase section */
		C4C24BB32A52C04100222F9C /* Resources */ = {
			isa = PBXResourcesBuildPhase;
			buildActionMask = 2147483647;
			files = (
				C4C24BE52A52D12300222F9C /* RMEpisodeViewController.xib in Resources */,
				C4C24BE12A52D10900222F9C /* RMLocationViewController.xib in Resources */,
				C4C24BE92A52D14F00222F9C /* RMSettingsViewController.xib in Resources */,
				C4C24BC52A52C04100222F9C /* LaunchScreen.storyboard in Resources */,
				C4C24BDD2A52D0E200222F9C /* RMCharacterViewController.xib in Resources */,
				C4C24BC22A52C04100222F9C /* Assets.xcassets in Resources */,
			);
			runOnlyForDeploymentPostprocessing = 0;
		};
/* End PBXResourcesBuildPhase section */

/* Begin PBXSourcesBuildPhase section */
		C4C24BB12A52C04100222F9C /* Sources */ = {
			isa = PBXSourcesBuildPhase;
			buildActionMask = 2147483647;
			files = (
				C4C3A9A12A545C9800F2EAE3 /* RMOrigin.swift in Sources */,
				C4C3A9A32A545EDA00F2EAE3 /* RMSingleLocation.swift in Sources */,
				C4C3A9A52A54605000F2EAE3 /* RMCharacterStatus.swift in Sources */,
				C4C3A9A72A5461E400F2EAE3 /* RMCharacterGender.swift in Sources */,
				C4C24BE02A52D10900222F9C /* RMLocationViewController.swift in Sources */,
				C4C24BD82A52CEDD00222F9C /* RMEpisode.swift in Sources */,
				C4C24BBD2A52C04100222F9C /* RMTabBarViewController.swift in Sources */,
				C4C24BE42A52D12300222F9C /* RMEpisodeViewController.swift in Sources */,
				C4C24BB92A52C04100222F9C /* AppDelegate.swift in Sources */,
				C4C24BBB2A52C04100222F9C /* SceneDelegate.swift in Sources */,
				C4C24BE82A52D14F00222F9C /* RMSettingsViewController.swift in Sources */,
				C4C3A99B2A54049900F2EAE3 /* RMService.swift in Sources */,
				C4C24BD42A52CEAD00222F9C /* RMLocation.swift in Sources */,
				C4C3A99F2A540CC900F2EAE3 /* RMEndpoint.swift in Sources */,
				C4C24BD62A52CEC300222F9C /* RMCharacter.swift in Sources */,
				C4C3A99D2A54051B00F2EAE3 /* RMRequest.swift in Sources */,
				C4C24BDC2A52D0E200222F9C /* RMCharacterViewController.swift in Sources */,
			);
			runOnlyForDeploymentPostprocessing = 0;
		};
/* End PBXSourcesBuildPhase section */

/* Begin PBXVariantGroup section */
		C4C24BC32A52C04100222F9C /* LaunchScreen.storyboard */ = {
			isa = PBXVariantGroup;
			children = (
				C4C24BC42A52C04100222F9C /* Base */,
			);
			name = LaunchScreen.storyboard;
			sourceTree = "<group>";
		};
/* End PBXVariantGroup section */

/* Begin XCBuildConfiguration section */
		C4C24BC72A52C04100222F9C /* Debug */ = {
			isa = XCBuildConfiguration;
			buildSettings = {
				ALWAYS_SEARCH_USER_PATHS = NO;
				CLANG_ANALYZER_NONNULL = YES;
				CLANG_ANALYZER_NUMBER_OBJECT_CONVERSION = YES_AGGRESSIVE;
				CLANG_CXX_LANGUAGE_STANDARD = "gnu++20";
				CLANG_ENABLE_MODULES = YES;
				CLANG_ENABLE_OBJC_ARC = YES;
				CLANG_ENABLE_OBJC_WEAK = YES;
				CLANG_WARN_BLOCK_CAPTURE_AUTORELEASING = YES;
				CLANG_WARN_BOOL_CONVERSION = YES;
				CLANG_WARN_COMMA = YES;
				CLANG_WARN_CONSTANT_CONVERSION = YES;
				CLANG_WARN_DEPRECATED_OBJC_IMPLEMENTATIONS = YES;
				CLANG_WARN_DIRECT_OBJC_ISA_USAGE = YES_ERROR;
				CLANG_WARN_DOCUMENTATION_COMMENTS = YES;
				CLANG_WARN_EMPTY_BODY = YES;
				CLANG_WARN_ENUM_CONVERSION = YES;
				CLANG_WARN_INFINITE_RECURSION = YES;
				CLANG_WARN_INT_CONVERSION = YES;
				CLANG_WARN_NON_LITERAL_NULL_CONVERSION = YES;
				CLANG_WARN_OBJC_IMPLICIT_RETAIN_SELF = YES;
				CLANG_WARN_OBJC_LITERAL_CONVERSION = YES;
				CLANG_WARN_OBJC_ROOT_CLASS = YES_ERROR;
				CLANG_WARN_QUOTED_INCLUDE_IN_FRAMEWORK_HEADER = YES;
				CLANG_WARN_RANGE_LOOP_ANALYSIS = YES;
				CLANG_WARN_STRICT_PROTOTYPES = YES;
				CLANG_WARN_SUSPICIOUS_MOVE = YES;
				CLANG_WARN_UNGUARDED_AVAILABILITY = YES_AGGRESSIVE;
				CLANG_WARN_UNREACHABLE_CODE = YES;
				CLANG_WARN__DUPLICATE_METHOD_MATCH = YES;
				COPY_PHASE_STRIP = NO;
				DEBUG_INFORMATION_FORMAT = dwarf;
				ENABLE_STRICT_OBJC_MSGSEND = YES;
				ENABLE_TESTABILITY = YES;
				GCC_C_LANGUAGE_STANDARD = gnu11;
				GCC_DYNAMIC_NO_PIC = NO;
				GCC_NO_COMMON_BLOCKS = YES;
				GCC_OPTIMIZATION_LEVEL = 0;
				GCC_PREPROCESSOR_DEFINITIONS = (
					"DEBUG=1",
					"$(inherited)",
				);
				GCC_WARN_64_TO_32_BIT_CONVERSION = YES;
				GCC_WARN_ABOUT_RETURN_TYPE = YES_ERROR;
				GCC_WARN_UNDECLARED_SELECTOR = YES;
				GCC_WARN_UNINITIALIZED_AUTOS = YES_AGGRESSIVE;
				GCC_WARN_UNUSED_FUNCTION = YES;
				GCC_WARN_UNUSED_VARIABLE = YES;
				IPHONEOS_DEPLOYMENT_TARGET = 16.4;
				MTL_ENABLE_DEBUG_INFO = INCLUDE_SOURCE;
				MTL_FAST_MATH = YES;
				ONLY_ACTIVE_ARCH = YES;
				SDKROOT = iphoneos;
				SWIFT_ACTIVE_COMPILATION_CONDITIONS = DEBUG;
				SWIFT_OPTIMIZATION_LEVEL = "-Onone";
			};
			name = Debug;
		};
		C4C24BC82A52C04100222F9C /* Release */ = {
			isa = XCBuildConfiguration;
			buildSettings = {
				ALWAYS_SEARCH_USER_PATHS = NO;
				CLANG_ANALYZER_NONNULL = YES;
				CLANG_ANALYZER_NUMBER_OBJECT_CONVERSION = YES_AGGRESSIVE;
				CLANG_CXX_LANGUAGE_STANDARD = "gnu++20";
				CLANG_ENABLE_MODULES = YES;
				CLANG_ENABLE_OBJC_ARC = YES;
				CLANG_ENABLE_OBJC_WEAK = YES;
				CLANG_WARN_BLOCK_CAPTURE_AUTORELEASING = YES;
				CLANG_WARN_BOOL_CONVERSION = YES;
				CLANG_WARN_COMMA = YES;
				CLANG_WARN_CONSTANT_CONVERSION = YES;
				CLANG_WARN_DEPRECATED_OBJC_IMPLEMENTATIONS = YES;
				CLANG_WARN_DIRECT_OBJC_ISA_USAGE = YES_ERROR;
				CLANG_WARN_DOCUMENTATION_COMMENTS = YES;
				CLANG_WARN_EMPTY_BODY = YES;
				CLANG_WARN_ENUM_CONVERSION = YES;
				CLANG_WARN_INFINITE_RECURSION = YES;
				CLANG_WARN_INT_CONVERSION = YES;
				CLANG_WARN_NON_LITERAL_NULL_CONVERSION = YES;
				CLANG_WARN_OBJC_IMPLICIT_RETAIN_SELF = YES;
				CLANG_WARN_OBJC_LITERAL_CONVERSION = YES;
				CLANG_WARN_OBJC_ROOT_CLASS = YES_ERROR;
				CLANG_WARN_QUOTED_INCLUDE_IN_FRAMEWORK_HEADER = YES;
				CLANG_WARN_RANGE_LOOP_ANALYSIS = YES;
				CLANG_WARN_STRICT_PROTOTYPES = YES;
				CLANG_WARN_SUSPICIOUS_MOVE = YES;
				CLANG_WARN_UNGUARDED_AVAILABILITY = YES_AGGRESSIVE;
				CLANG_WARN_UNREACHABLE_CODE = YES;
				CLANG_WARN__DUPLICATE_METHOD_MATCH = YES;
				COPY_PHASE_STRIP = NO;
				DEBUG_INFORMATION_FORMAT = "dwarf-with-dsym";
				ENABLE_NS_ASSERTIONS = NO;
				ENABLE_STRICT_OBJC_MSGSEND = YES;
				GCC_C_LANGUAGE_STANDARD = gnu11;
				GCC_NO_COMMON_BLOCKS = YES;
				GCC_WARN_64_TO_32_BIT_CONVERSION = YES;
				GCC_WARN_ABOUT_RETURN_TYPE = YES_ERROR;
				GCC_WARN_UNDECLARED_SELECTOR = YES;
				GCC_WARN_UNINITIALIZED_AUTOS = YES_AGGRESSIVE;
				GCC_WARN_UNUSED_FUNCTION = YES;
				GCC_WARN_UNUSED_VARIABLE = YES;
				IPHONEOS_DEPLOYMENT_TARGET = 16.4;
				MTL_ENABLE_DEBUG_INFO = NO;
				MTL_FAST_MATH = YES;
				SDKROOT = iphoneos;
				SWIFT_COMPILATION_MODE = wholemodule;
				SWIFT_OPTIMIZATION_LEVEL = "-O";
				VALIDATE_PRODUCT = YES;
			};
			name = Release;
		};
		C4C24BCA2A52C04100222F9C /* Debug */ = {
			isa = XCBuildConfiguration;
			buildSettings = {
				ASSETCATALOG_COMPILER_APPICON_NAME = AppIcon;
				ASSETCATALOG_COMPILER_GLOBAL_ACCENT_COLOR_NAME = AccentColor;
				CODE_SIGN_STYLE = Automatic;
				CURRENT_PROJECT_VERSION = 1;
				DEVELOPMENT_TEAM = 67VYH75QRG;
				GENERATE_INFOPLIST_FILE = YES;
				INFOPLIST_FILE = "Rick-And-Morty-App/Info.plist";
				INFOPLIST_KEY_UIApplicationSupportsIndirectInputEvents = YES;
				INFOPLIST_KEY_UILaunchStoryboardName = LaunchScreen;
				INFOPLIST_KEY_UISupportedInterfaceOrientations_iPad = "UIInterfaceOrientationPortrait UIInterfaceOrientationPortraitUpsideDown UIInterfaceOrientationLandscapeLeft UIInterfaceOrientationLandscapeRight";
				INFOPLIST_KEY_UISupportedInterfaceOrientations_iPhone = "UIInterfaceOrientationPortrait UIInterfaceOrientationLandscapeLeft UIInterfaceOrientationLandscapeRight";
				LD_RUNPATH_SEARCH_PATHS = (
					"$(inherited)",
					"@executable_path/Frameworks",
				);
				MARKETING_VERSION = 1.0;
				PRODUCT_BUNDLE_IDENTIFIER = "com.carlosmorgado.Rick-And-Morty-App";
				PRODUCT_NAME = "$(TARGET_NAME)";
				SWIFT_EMIT_LOC_STRINGS = YES;
				SWIFT_VERSION = 5.0;
				TARGETED_DEVICE_FAMILY = "1,2";
			};
			name = Debug;
		};
		C4C24BCB2A52C04100222F9C /* Release */ = {
			isa = XCBuildConfiguration;
			buildSettings = {
				ASSETCATALOG_COMPILER_APPICON_NAME = AppIcon;
				ASSETCATALOG_COMPILER_GLOBAL_ACCENT_COLOR_NAME = AccentColor;
				CODE_SIGN_STYLE = Automatic;
				CURRENT_PROJECT_VERSION = 1;
				DEVELOPMENT_TEAM = 67VYH75QRG;
				GENERATE_INFOPLIST_FILE = YES;
				INFOPLIST_FILE = "Rick-And-Morty-App/Info.plist";
				INFOPLIST_KEY_UIApplicationSupportsIndirectInputEvents = YES;
				INFOPLIST_KEY_UILaunchStoryboardName = LaunchScreen;
				INFOPLIST_KEY_UISupportedInterfaceOrientations_iPad = "UIInterfaceOrientationPortrait UIInterfaceOrientationPortraitUpsideDown UIInterfaceOrientationLandscapeLeft UIInterfaceOrientationLandscapeRight";
				INFOPLIST_KEY_UISupportedInterfaceOrientations_iPhone = "UIInterfaceOrientationPortrait UIInterfaceOrientationLandscapeLeft UIInterfaceOrientationLandscapeRight";
				LD_RUNPATH_SEARCH_PATHS = (
					"$(inherited)",
					"@executable_path/Frameworks",
				);
				MARKETING_VERSION = 1.0;
				PRODUCT_BUNDLE_IDENTIFIER = "com.carlosmorgado.Rick-And-Morty-App";
				PRODUCT_NAME = "$(TARGET_NAME)";
				SWIFT_EMIT_LOC_STRINGS = YES;
				SWIFT_VERSION = 5.0;
				TARGETED_DEVICE_FAMILY = "1,2";
			};
			name = Release;
		};
/* End XCBuildConfiguration section */

/* Begin XCConfigurationList section */
		C4C24BB02A52C04000222F9C /* Build configuration list for PBXProject "Rick-And-Morty-App" */ = {
			isa = XCConfigurationList;
			buildConfigurations = (
				C4C24BC72A52C04100222F9C /* Debug */,
				C4C24BC82A52C04100222F9C /* Release */,
			);
			defaultConfigurationIsVisible = 0;
			defaultConfigurationName = Release;
		};
		C4C24BC92A52C04100222F9C /* Build configuration list for PBXNativeTarget "Rick-And-Morty-App" */ = {
			isa = XCConfigurationList;
			buildConfigurations = (
				C4C24BCA2A52C04100222F9C /* Debug */,
				C4C24BCB2A52C04100222F9C /* Release */,
			);
			defaultConfigurationIsVisible = 0;
			defaultConfigurationName = Release;
		};
/* End XCConfigurationList section */
	};
	rootObject = C4C24BAD2A52C04000222F9C /* Project object */;
}
